// !$*UTF8*$!
{
	archiveVersion = 1;
	classes = {
	};
	objectVersion = 48;
	objects = {

/* Begin PBXBuildFile section */
		91132CEF204D2F7600A0ECE9 /* SupportViewController.swift in Sources */ = {isa = PBXBuildFile; fileRef = 91132CEE204D2F7600A0ECE9 /* SupportViewController.swift */; };
		9126243F2079E4630075AE11 /* PartsCollectionViewCell.swift in Sources */ = {isa = PBXBuildFile; fileRef = 9126243E2079E4630075AE11 /* PartsCollectionViewCell.swift */; };
		912624412079E4830075AE11 /* PartsViewController.swift in Sources */ = {isa = PBXBuildFile; fileRef = 912624402079E4830075AE11 /* PartsViewController.swift */; };
		917B7482203BF84A00A0E50E /* CarouselPageViewController.swift in Sources */ = {isa = PBXBuildFile; fileRef = 917B7481203BF84A00A0E50E /* CarouselPageViewController.swift */; };
		917B7484203BF86600A0E50E /* ContentViewController.swift in Sources */ = {isa = PBXBuildFile; fileRef = 917B7483203BF86600A0E50E /* ContentViewController.swift */; };
		9182BF1C2029FB4200A53998 /* RoutesViewController.swift in Sources */ = {isa = PBXBuildFile; fileRef = 9182BF1B2029FB4200A53998 /* RoutesViewController.swift */; };
		9182BF20202A583D00A53998 /* LoginViewController.swift in Sources */ = {isa = PBXBuildFile; fileRef = 9182BF1F202A583D00A53998 /* LoginViewController.swift */; };
		918A5F2D207547FD00EB3910 /* EstimoteViewController.swift in Sources */ = {isa = PBXBuildFile; fileRef = 918A5F2C207547FD00EB3910 /* EstimoteViewController.swift */; };
		918A5F3220773EFF00EB3910 /* AboutViewController.swift in Sources */ = {isa = PBXBuildFile; fileRef = 918A5F3120773EFF00EB3910 /* AboutViewController.swift */; };
		919026D420159E7C00D4C871 /* RoadsTripTableViewController.swift in Sources */ = {isa = PBXBuildFile; fileRef = 919026D320159E7C00D4C871 /* RoadsTripTableViewController.swift */; };
		919026D62015A0EF00D4C871 /* RoadsTableViewCell.swift in Sources */ = {isa = PBXBuildFile; fileRef = 919026D52015A0EF00D4C871 /* RoadsTableViewCell.swift */; };
		919026DC2015B20E00D4C871 /* HomeViewController.swift in Sources */ = {isa = PBXBuildFile; fileRef = 919026DB2015B20E00D4C871 /* HomeViewController.swift */; };
		91AD70612014706F007392D4 /* AppDelegate.swift in Sources */ = {isa = PBXBuildFile; fileRef = 91AD70602014706F007392D4 /* AppDelegate.swift */; };
		91AD70632014706F007392D4 /* ViewController.swift in Sources */ = {isa = PBXBuildFile; fileRef = 91AD70622014706F007392D4 /* ViewController.swift */; };
		91AD70662014706F007392D4 /* Main.storyboard in Resources */ = {isa = PBXBuildFile; fileRef = 91AD70642014706F007392D4 /* Main.storyboard */; };
		91AD70682014706F007392D4 /* Assets.xcassets in Resources */ = {isa = PBXBuildFile; fileRef = 91AD70672014706F007392D4 /* Assets.xcassets */; };
		91AD706B2014706F007392D4 /* LaunchScreen.storyboard in Resources */ = {isa = PBXBuildFile; fileRef = 91AD70692014706F007392D4 /* LaunchScreen.storyboard */; };
		91AD7073201571EE007392D4 /* MapViewController.swift in Sources */ = {isa = PBXBuildFile; fileRef = 91AD7072201571EE007392D4 /* MapViewController.swift */; };
		91C02E7B2056454E00C3E271 /* Place.swift in Sources */ = {isa = PBXBuildFile; fileRef = 91C02E7A2056454E00C3E271 /* Place.swift */; };
		91C02E7D2056649200C3E271 /* Event.swift in Sources */ = {isa = PBXBuildFile; fileRef = 91C02E7C2056649200C3E271 /* Event.swift */; };
		91C02E7F2056671F00C3E271 /* Location.swift in Sources */ = {isa = PBXBuildFile; fileRef = 91C02E7E2056671F00C3E271 /* Location.swift */; };
		91E1151E2043D46400DD1861 /* BaseViewController.swift in Sources */ = {isa = PBXBuildFile; fileRef = 91E1151C2043D46400DD1861 /* BaseViewController.swift */; };
		91E1151F2043D46400DD1861 /* MenuViewController.swift in Sources */ = {isa = PBXBuildFile; fileRef = 91E1151D2043D46400DD1861 /* MenuViewController.swift */; };
		91E115212043E23600DD1861 /* PageBaseViewController.swift in Sources */ = {isa = PBXBuildFile; fileRef = 91E115202043E23600DD1861 /* PageBaseViewController.swift */; };
		91E115232043E3FD00DD1861 /* MenuPageViewController.swift in Sources */ = {isa = PBXBuildFile; fileRef = 91E115222043E3FD00DD1861 /* MenuPageViewController.swift */; };
		91E11543204CB63E00DD1861 /* Constants.swift in Sources */ = {isa = PBXBuildFile; fileRef = 91E11542204CB63E00DD1861 /* Constants.swift */; };
		91E11545204CB66C00DD1861 /* User.swift in Sources */ = {isa = PBXBuildFile; fileRef = 91E11544204CB66C00DD1861 /* User.swift */; };
		91E11547204D0EA400DD1861 /* SignupViewController.swift in Sources */ = {isa = PBXBuildFile; fileRef = 91E11546204D0EA400DD1861 /* SignupViewController.swift */; };
		91E62F94207DC6C5007B0AB3 /* NewsViewController.swift in Sources */ = {isa = PBXBuildFile; fileRef = 91E62F93207DC6C5007B0AB3 /* NewsViewController.swift */; };
		AA1E14A15C985B38B1A0FD42 /* Pods_Bicla.framework in Frameworks */ = {isa = PBXBuildFile; fileRef = 5AF9330287A4E53B8975791E /* Pods_Bicla.framework */; };
/* End PBXBuildFile section */

/* Begin PBXFileReference section */
		34B8AD0ACEBB0AE4EF324988 /* Pods-Bicla.release.xcconfig */ = {isa = PBXFileReference; includeInIndex = 1; lastKnownFileType = text.xcconfig; name = "Pods-Bicla.release.xcconfig"; path = "Pods/Target Support Files/Pods-Bicla/Pods-Bicla.release.xcconfig"; sourceTree = "<group>"; };
		5AF9330287A4E53B8975791E /* Pods_Bicla.framework */ = {isa = PBXFileReference; explicitFileType = wrapper.framework; includeInIndex = 0; path = Pods_Bicla.framework; sourceTree = BUILT_PRODUCTS_DIR; };
		5E49211DCB78FF25880B805B /* Pods-Bicla.debug.xcconfig */ = {isa = PBXFileReference; includeInIndex = 1; lastKnownFileType = text.xcconfig; name = "Pods-Bicla.debug.xcconfig"; path = "Pods/Target Support Files/Pods-Bicla/Pods-Bicla.debug.xcconfig"; sourceTree = "<group>"; };
		91132CEE204D2F7600A0ECE9 /* SupportViewController.swift */ = {isa = PBXFileReference; lastKnownFileType = sourcecode.swift; path = SupportViewController.swift; sourceTree = "<group>"; };
		9126243E2079E4630075AE11 /* PartsCollectionViewCell.swift */ = {isa = PBXFileReference; lastKnownFileType = sourcecode.swift; path = PartsCollectionViewCell.swift; sourceTree = "<group>"; };
		912624402079E4830075AE11 /* PartsViewController.swift */ = {isa = PBXFileReference; lastKnownFileType = sourcecode.swift; path = PartsViewController.swift; sourceTree = "<group>"; };
		917B7481203BF84A00A0E50E /* CarouselPageViewController.swift */ = {isa = PBXFileReference; lastKnownFileType = sourcecode.swift; path = CarouselPageViewController.swift; sourceTree = "<group>"; };
		917B7483203BF86600A0E50E /* ContentViewController.swift */ = {isa = PBXFileReference; lastKnownFileType = sourcecode.swift; path = ContentViewController.swift; sourceTree = "<group>"; };
		9182BF1B2029FB4200A53998 /* RoutesViewController.swift */ = {isa = PBXFileReference; lastKnownFileType = sourcecode.swift; path = RoutesViewController.swift; sourceTree = "<group>"; };
		9182BF1F202A583D00A53998 /* LoginViewController.swift */ = {isa = PBXFileReference; lastKnownFileType = sourcecode.swift; path = LoginViewController.swift; sourceTree = "<group>"; };
		918A5F2C207547FD00EB3910 /* EstimoteViewController.swift */ = {isa = PBXFileReference; lastKnownFileType = sourcecode.swift; path = EstimoteViewController.swift; sourceTree = "<group>"; };
		918A5F302075E6F600EB3910 /* Bicla.entitlements */ = {isa = PBXFileReference; lastKnownFileType = text.plist.entitlements; path = Bicla.entitlements; sourceTree = "<group>"; };
		918A5F3120773EFF00EB3910 /* AboutViewController.swift */ = {isa = PBXFileReference; lastKnownFileType = sourcecode.swift; path = AboutViewController.swift; sourceTree = "<group>"; };
		919026D320159E7C00D4C871 /* RoadsTripTableViewController.swift */ = {isa = PBXFileReference; lastKnownFileType = sourcecode.swift; path = RoadsTripTableViewController.swift; sourceTree = "<group>"; };
		919026D52015A0EF00D4C871 /* RoadsTableViewCell.swift */ = {isa = PBXFileReference; lastKnownFileType = sourcecode.swift; path = RoadsTableViewCell.swift; sourceTree = "<group>"; };
		919026DB2015B20E00D4C871 /* HomeViewController.swift */ = {isa = PBXFileReference; lastKnownFileType = sourcecode.swift; path = HomeViewController.swift; sourceTree = "<group>"; };
		91AD705D2014706F007392D4 /* Bicla.app */ = {isa = PBXFileReference; explicitFileType = wrapper.application; includeInIndex = 0; path = Bicla.app; sourceTree = BUILT_PRODUCTS_DIR; };
		91AD70602014706F007392D4 /* AppDelegate.swift */ = {isa = PBXFileReference; lastKnownFileType = sourcecode.swift; path = AppDelegate.swift; sourceTree = "<group>"; };
		91AD70622014706F007392D4 /* ViewController.swift */ = {isa = PBXFileReference; lastKnownFileType = sourcecode.swift; path = ViewController.swift; sourceTree = "<group>"; };
		91AD70652014706F007392D4 /* Base */ = {isa = PBXFileReference; lastKnownFileType = file.storyboard; name = Base; path = Base.lproj/Main.storyboard; sourceTree = "<group>"; };
		91AD70672014706F007392D4 /* Assets.xcassets */ = {isa = PBXFileReference; lastKnownFileType = folder.assetcatalog; path = Assets.xcassets; sourceTree = "<group>"; };
		91AD706A2014706F007392D4 /* Base */ = {isa = PBXFileReference; lastKnownFileType = file.storyboard; name = Base; path = Base.lproj/LaunchScreen.storyboard; sourceTree = "<group>"; };
		91AD706C2014706F007392D4 /* Info.plist */ = {isa = PBXFileReference; lastKnownFileType = text.plist.xml; path = Info.plist; sourceTree = "<group>"; };
		91AD7072201571EE007392D4 /* MapViewController.swift */ = {isa = PBXFileReference; lastKnownFileType = sourcecode.swift; path = MapViewController.swift; sourceTree = "<group>"; };
		91AEA3EC2074AE05001DCE81 /* ObjCBridge.h */ = {isa = PBXFileReference; lastKnownFileType = sourcecode.c.h; path = ObjCBridge.h; sourceTree = "<group>"; };
		91C02E7A2056454E00C3E271 /* Place.swift */ = {isa = PBXFileReference; lastKnownFileType = sourcecode.swift; path = Place.swift; sourceTree = "<group>"; };
		91C02E7C2056649200C3E271 /* Event.swift */ = {isa = PBXFileReference; lastKnownFileType = sourcecode.swift; path = Event.swift; sourceTree = "<group>"; };
		91C02E7E2056671F00C3E271 /* Location.swift */ = {isa = PBXFileReference; lastKnownFileType = sourcecode.swift; path = Location.swift; sourceTree = "<group>"; };
		91E1151C2043D46400DD1861 /* BaseViewController.swift */ = {isa = PBXFileReference; fileEncoding = 4; lastKnownFileType = sourcecode.swift; path = BaseViewController.swift; sourceTree = "<group>"; };
		91E1151D2043D46400DD1861 /* MenuViewController.swift */ = {isa = PBXFileReference; fileEncoding = 4; lastKnownFileType = sourcecode.swift; path = MenuViewController.swift; sourceTree = "<group>"; };
		91E115202043E23600DD1861 /* PageBaseViewController.swift */ = {isa = PBXFileReference; lastKnownFileType = sourcecode.swift; path = PageBaseViewController.swift; sourceTree = "<group>"; };
		91E115222043E3FD00DD1861 /* MenuPageViewController.swift */ = {isa = PBXFileReference; lastKnownFileType = sourcecode.swift; path = MenuPageViewController.swift; sourceTree = "<group>"; };
		91E11542204CB63E00DD1861 /* Constants.swift */ = {isa = PBXFileReference; lastKnownFileType = sourcecode.swift; path = Constants.swift; sourceTree = "<group>"; };
		91E11544204CB66C00DD1861 /* User.swift */ = {isa = PBXFileReference; lastKnownFileType = sourcecode.swift; path = User.swift; sourceTree = "<group>"; };
		91E11546204D0EA400DD1861 /* SignupViewController.swift */ = {isa = PBXFileReference; lastKnownFileType = sourcecode.swift; path = SignupViewController.swift; sourceTree = "<group>"; };
		91E62F93207DC6C5007B0AB3 /* NewsViewController.swift */ = {isa = PBXFileReference; lastKnownFileType = sourcecode.swift; path = NewsViewController.swift; sourceTree = "<group>"; };
/* End PBXFileReference section */

/* Begin PBXFrameworksBuildPhase section */
		91AD705A2014706F007392D4 /* Frameworks */ = {
			isa = PBXFrameworksBuildPhase;
			buildActionMask = 2147483647;
			files = (
				AA1E14A15C985B38B1A0FD42 /* Pods_Bicla.framework in Frameworks */,
			);
			runOnlyForDeploymentPostprocessing = 0;
		};
/* End PBXFrameworksBuildPhase section */

/* Begin PBXGroup section */
		91AD70542014706F007392D4 = {
			isa = PBXGroup;
			children = (
				91AD705F2014706F007392D4 /* Bicla */,
				91AD705E2014706F007392D4 /* Products */,
				E96E03F3C14C3394798694C4 /* Pods */,
				990FBA6A0BDC3B174024D7AE /* Frameworks */,
			);
			sourceTree = "<group>";
		};
		91AD705E2014706F007392D4 /* Products */ = {
			isa = PBXGroup;
			children = (
				91AD705D2014706F007392D4 /* Bicla.app */,
			);
			name = Products;
			sourceTree = "<group>";
		};
		91AD705F2014706F007392D4 /* Bicla */ = {
			isa = PBXGroup;
			children = (
				918A5F302075E6F600EB3910 /* Bicla.entitlements */,
				91AD70602014706F007392D4 /* AppDelegate.swift */,
				91AD70622014706F007392D4 /* ViewController.swift */,
				91E11546204D0EA400DD1861 /* SignupViewController.swift */,
				918A5F3120773EFF00EB3910 /* AboutViewController.swift */,
				91AD7072201571EE007392D4 /* MapViewController.swift */,
				918A5F2C207547FD00EB3910 /* EstimoteViewController.swift */,
				919026DB2015B20E00D4C871 /* HomeViewController.swift */,
				919026D320159E7C00D4C871 /* RoadsTripTableViewController.swift */,
				917B7483203BF86600A0E50E /* ContentViewController.swift */,
				91132CEE204D2F7600A0ECE9 /* SupportViewController.swift */,
				917B7481203BF84A00A0E50E /* CarouselPageViewController.swift */,
				91E62F93207DC6C5007B0AB3 /* NewsViewController.swift */,
				91E1151C2043D46400DD1861 /* BaseViewController.swift */,
				91E115202043E23600DD1861 /* PageBaseViewController.swift */,
				91E115222043E3FD00DD1861 /* MenuPageViewController.swift */,
				91E1151D2043D46400DD1861 /* MenuViewController.swift */,
				9182BF1F202A583D00A53998 /* LoginViewController.swift */,
				9182BF1B2029FB4200A53998 /* RoutesViewController.swift */,
				91E11542204CB63E00DD1861 /* Constants.swift */,
				91C02E7A2056454E00C3E271 /* Place.swift */,
				91C02E7C2056649200C3E271 /* Event.swift */,
				91E11544204CB66C00DD1861 /* User.swift */,
				9126243E2079E4630075AE11 /* PartsCollectionViewCell.swift */,
				912624402079E4830075AE11 /* PartsViewController.swift */,
				91C02E7E2056671F00C3E271 /* Location.swift */,
				919026D52015A0EF00D4C871 /* RoadsTableViewCell.swift */,
				91AD70642014706F007392D4 /* Main.storyboard */,
				91AD70672014706F007392D4 /* Assets.xcassets */,
				91AD70692014706F007392D4 /* LaunchScreen.storyboard */,
				91AD706C2014706F007392D4 /* Info.plist */,
				91AEA3EC2074AE05001DCE81 /* ObjCBridge.h */,
			);
			path = Bicla;
			sourceTree = "<group>";
		};
		990FBA6A0BDC3B174024D7AE /* Frameworks */ = {
			isa = PBXGroup;
			children = (
				5AF9330287A4E53B8975791E /* Pods_Bicla.framework */,
			);
			name = Frameworks;
			sourceTree = "<group>";
		};
		E96E03F3C14C3394798694C4 /* Pods */ = {
			isa = PBXGroup;
			children = (
				5E49211DCB78FF25880B805B /* Pods-Bicla.debug.xcconfig */,
				34B8AD0ACEBB0AE4EF324988 /* Pods-Bicla.release.xcconfig */,
			);
			name = Pods;
			sourceTree = "<group>";
		};
/* End PBXGroup section */

/* Begin PBXNativeTarget section */
		91AD705C2014706F007392D4 /* Bicla */ = {
			isa = PBXNativeTarget;
			buildConfigurationList = 91AD706F2014706F007392D4 /* Build configuration list for PBXNativeTarget "Bicla" */;
			buildPhases = (
				7D7BB9F927C720A1F843C049 /* [CP] Check Pods Manifest.lock */,
				91AD70592014706F007392D4 /* Sources */,
				91AD705A2014706F007392D4 /* Frameworks */,
				91AD705B2014706F007392D4 /* Resources */,
				D89764E2392B319EF2549059 /* [CP] Embed Pods Frameworks */,
				785401F646170E6CE969BBBD /* [CP] Copy Pods Resources */,
			);
			buildRules = (
			);
			dependencies = (
			);
			name = Bicla;
			productName = Bicla;
			productReference = 91AD705D2014706F007392D4 /* Bicla.app */;
			productType = "com.apple.product-type.application";
		};
/* End PBXNativeTarget section */

/* Begin PBXProject section */
		91AD70552014706F007392D4 /* Project object */ = {
			isa = PBXProject;
			attributes = {
				LastSwiftUpdateCheck = 0920;
				LastUpgradeCheck = 0920;
				ORGANIZATIONNAME = CraftCode;
				TargetAttributes = {
					91AD705C2014706F007392D4 = {
						CreatedOnToolsVersion = 9.2;
						ProvisioningStyle = Automatic;
						SystemCapabilities = {
							com.apple.BackgroundModes = {
								enabled = 1;
							};
							com.apple.Push = {
								enabled = 1;
							};
						};
					};
				};
			};
			buildConfigurationList = 91AD70582014706F007392D4 /* Build configuration list for PBXProject "Bicla" */;
			compatibilityVersion = "Xcode 8.0";
			developmentRegion = en;
			hasScannedForEncodings = 0;
			knownRegions = (
				en,
				Base,
			);
			mainGroup = 91AD70542014706F007392D4;
			productRefGroup = 91AD705E2014706F007392D4 /* Products */;
			projectDirPath = "";
			projectRoot = "";
			targets = (
				91AD705C2014706F007392D4 /* Bicla */,
			);
		};
/* End PBXProject section */

/* Begin PBXResourcesBuildPhase section */
		91AD705B2014706F007392D4 /* Resources */ = {
			isa = PBXResourcesBuildPhase;
			buildActionMask = 2147483647;
			files = (
				91AD706B2014706F007392D4 /* LaunchScreen.storyboard in Resources */,
				91AD70682014706F007392D4 /* Assets.xcassets in Resources */,
				91AD70662014706F007392D4 /* Main.storyboard in Resources */,
			);
			runOnlyForDeploymentPostprocessing = 0;
		};
/* End PBXResourcesBuildPhase section */

/* Begin PBXShellScriptBuildPhase section */
		785401F646170E6CE969BBBD /* [CP] Copy Pods Resources */ = {
			isa = PBXShellScriptBuildPhase;
			buildActionMask = 2147483647;
			files = (
			);
			inputPaths = (
			);
			name = "[CP] Copy Pods Resources";
			outputPaths = (
			);
			runOnlyForDeploymentPostprocessing = 0;
			shellPath = /bin/sh;
			shellScript = "\"${SRCROOT}/Pods/Target Support Files/Pods-Bicla/Pods-Bicla-resources.sh\"\n";
			showEnvVarsInLog = 0;
		};
		7D7BB9F927C720A1F843C049 /* [CP] Check Pods Manifest.lock */ = {
			isa = PBXShellScriptBuildPhase;
			buildActionMask = 2147483647;
			files = (
			);
			inputPaths = (
				"${PODS_PODFILE_DIR_PATH}/Podfile.lock",
				"${PODS_ROOT}/Manifest.lock",
			);
			name = "[CP] Check Pods Manifest.lock";
			outputPaths = (
				"$(DERIVED_FILE_DIR)/Pods-Bicla-checkManifestLockResult.txt",
			);
			runOnlyForDeploymentPostprocessing = 0;
			shellPath = /bin/sh;
			shellScript = "diff \"${PODS_PODFILE_DIR_PATH}/Podfile.lock\" \"${PODS_ROOT}/Manifest.lock\" > /dev/null\nif [ $? != 0 ] ; then\n    # print error to STDERR\n    echo \"error: The sandbox is not in sync with the Podfile.lock. Run 'pod install' or update your CocoaPods installation.\" >&2\n    exit 1\nfi\n# This output is used by Xcode 'outputs' to avoid re-running this script phase.\necho \"SUCCESS\" > \"${SCRIPT_OUTPUT_FILE_0}\"\n";
			showEnvVarsInLog = 0;
		};
		D89764E2392B319EF2549059 /* [CP] Embed Pods Frameworks */ = {
			isa = PBXShellScriptBuildPhase;
			buildActionMask = 2147483647;
			files = (
			);
			inputPaths = (
				"${SRCROOT}/Pods/Target Support Files/Pods-Bicla/Pods-Bicla-frameworks.sh",
				"${BUILT_PRODUCTS_DIR}/Alamofire/Alamofire.framework",
				"${BUILT_PRODUCTS_DIR}/Bolts/Bolts.framework",
				"${PODS_ROOT}/EstimoteBluetoothScanning/EstimoteBluetoothScanning/EstimoteBluetoothScanning.framework",
				"${PODS_ROOT}/EstimoteProximitySDK/EstimoteProximitySDK/EstimoteProximitySDK.framework",
				"${BUILT_PRODUCTS_DIR}/FBSDKCoreKit/FBSDKCoreKit.framework",
				"${BUILT_PRODUCTS_DIR}/FBSDKLoginKit/FBSDKLoginKit.framework",
				"${BUILT_PRODUCTS_DIR}/SlideMenuControllerSwift/SlideMenuControllerSwift.framework",
			);
			name = "[CP] Embed Pods Frameworks";
			outputPaths = (
				"${TARGET_BUILD_DIR}/${FRAMEWORKS_FOLDER_PATH}/Alamofire.framework",
				"${TARGET_BUILD_DIR}/${FRAMEWORKS_FOLDER_PATH}/Bolts.framework",
				"${TARGET_BUILD_DIR}/${FRAMEWORKS_FOLDER_PATH}/EstimoteBluetoothScanning.framework",
				"${TARGET_BUILD_DIR}/${FRAMEWORKS_FOLDER_PATH}/EstimoteProximitySDK.framework",
				"${TARGET_BUILD_DIR}/${FRAMEWORKS_FOLDER_PATH}/FBSDKCoreKit.framework",
				"${TARGET_BUILD_DIR}/${FRAMEWORKS_FOLDER_PATH}/FBSDKLoginKit.framework",
				"${TARGET_BUILD_DIR}/${FRAMEWORKS_FOLDER_PATH}/SlideMenuControllerSwift.framework",
			);
			runOnlyForDeploymentPostprocessing = 0;
			shellPath = /bin/sh;
			shellScript = "\"${SRCROOT}/Pods/Target Support Files/Pods-Bicla/Pods-Bicla-frameworks.sh\"\n";
			showEnvVarsInLog = 0;
		};
/* End PBXShellScriptBuildPhase section */

/* Begin PBXSourcesBuildPhase section */
		91AD70592014706F007392D4 /* Sources */ = {
			isa = PBXSourcesBuildPhase;
			buildActionMask = 2147483647;
			files = (
				919026D420159E7C00D4C871 /* RoadsTripTableViewController.swift in Sources */,
				9182BF1C2029FB4200A53998 /* RoutesViewController.swift in Sources */,
				91E115232043E3FD00DD1861 /* MenuPageViewController.swift in Sources */,
				91E1151E2043D46400DD1861 /* BaseViewController.swift in Sources */,
				91C02E7D2056649200C3E271 /* Event.swift in Sources */,
				91E11545204CB66C00DD1861 /* User.swift in Sources */,
				91AD70632014706F007392D4 /* ViewController.swift in Sources */,
				91E11543204CB63E00DD1861 /* Constants.swift in Sources */,
				917B7484203BF86600A0E50E /* ContentViewController.swift in Sources */,
				919026DC2015B20E00D4C871 /* HomeViewController.swift in Sources */,
				91AD7073201571EE007392D4 /* MapViewController.swift in Sources */,
				91C02E7B2056454E00C3E271 /* Place.swift in Sources */,
				91E1151F2043D46400DD1861 /* MenuViewController.swift in Sources */,
				912624412079E4830075AE11 /* PartsViewController.swift in Sources */,
				91C02E7F2056671F00C3E271 /* Location.swift in Sources */,
				91E11547204D0EA400DD1861 /* SignupViewController.swift in Sources */,
				917B7482203BF84A00A0E50E /* CarouselPageViewController.swift in Sources */,
				918A5F2D207547FD00EB3910 /* EstimoteViewController.swift in Sources */,
				9126243F2079E4630075AE11 /* PartsCollectionViewCell.swift in Sources */,
				91E62F94207DC6C5007B0AB3 /* NewsViewController.swift in Sources */,
				91E115212043E23600DD1861 /* PageBaseViewController.swift in Sources */,
				91132CEF204D2F7600A0ECE9 /* SupportViewController.swift in Sources */,
				919026D62015A0EF00D4C871 /* RoadsTableViewCell.swift in Sources */,
				9182BF20202A583D00A53998 /* LoginViewController.swift in Sources */,
				91AD70612014706F007392D4 /* AppDelegate.swift in Sources */,
				918A5F3220773EFF00EB3910 /* AboutViewController.swift in Sources */,
			);
			runOnlyForDeploymentPostprocessing = 0;
		};
/* End PBXSourcesBuildPhase section */

/* Begin PBXVariantGroup section */
		91AD70642014706F007392D4 /* Main.storyboard */ = {
			isa = PBXVariantGroup;
			children = (
				91AD70652014706F007392D4 /* Base */,
			);
			name = Main.storyboard;
			sourceTree = "<group>";
		};
		91AD70692014706F007392D4 /* LaunchScreen.storyboard */ = {
			isa = PBXVariantGroup;
			children = (
				91AD706A2014706F007392D4 /* Base */,
			);
			name = LaunchScreen.storyboard;
			sourceTree = "<group>";
		};
/* End PBXVariantGroup section */

/* Begin XCBuildConfiguration section */
		91AD706D2014706F007392D4 /* Debug */ = {
			isa = XCBuildConfiguration;
			buildSettings = {
				ALWAYS_SEARCH_USER_PATHS = NO;
				CLANG_ANALYZER_NONNULL = YES;
				CLANG_ANALYZER_NUMBER_OBJECT_CONVERSION = YES_AGGRESSIVE;
				CLANG_CXX_LANGUAGE_STANDARD = "gnu++14";
				CLANG_CXX_LIBRARY = "libc++";
				CLANG_ENABLE_MODULES = YES;
				CLANG_ENABLE_OBJC_ARC = YES;
				CLANG_WARN_BLOCK_CAPTURE_AUTORELEASING = YES;
				CLANG_WARN_BOOL_CONVERSION = YES;
				CLANG_WARN_COMMA = YES;
				CLANG_WARN_CONSTANT_CONVERSION = YES;
				CLANG_WARN_DIRECT_OBJC_ISA_USAGE = YES_ERROR;
				CLANG_WARN_DOCUMENTATION_COMMENTS = YES;
				CLANG_WARN_EMPTY_BODY = YES;
				CLANG_WARN_ENUM_CONVERSION = YES;
				CLANG_WARN_INFINITE_RECURSION = YES;
				CLANG_WARN_INT_CONVERSION = YES;
				CLANG_WARN_NON_LITERAL_NULL_CONVERSION = YES;
				CLANG_WARN_OBJC_LITERAL_CONVERSION = YES;
				CLANG_WARN_OBJC_ROOT_CLASS = YES_ERROR;
				CLANG_WARN_RANGE_LOOP_ANALYSIS = YES;
				CLANG_WARN_STRICT_PROTOTYPES = YES;
				CLANG_WARN_SUSPICIOUS_MOVE = YES;
				CLANG_WARN_UNGUARDED_AVAILABILITY = YES_AGGRESSIVE;
				CLANG_WARN_UNREACHABLE_CODE = YES;
				CLANG_WARN__DUPLICATE_METHOD_MATCH = YES;
				CODE_SIGN_IDENTITY = "iPhone Developer";
				COPY_PHASE_STRIP = NO;
				DEBUG_INFORMATION_FORMAT = dwarf;
				ENABLE_STRICT_OBJC_MSGSEND = YES;
				ENABLE_TESTABILITY = YES;
				GCC_C_LANGUAGE_STANDARD = gnu11;
				GCC_DYNAMIC_NO_PIC = NO;
				GCC_NO_COMMON_BLOCKS = YES;
				GCC_OPTIMIZATION_LEVEL = 0;
				GCC_PREPROCESSOR_DEFINITIONS = (
					"DEBUG=1",
					"$(inherited)",
				);
				GCC_WARN_64_TO_32_BIT_CONVERSION = YES;
				GCC_WARN_ABOUT_RETURN_TYPE = YES_ERROR;
				GCC_WARN_UNDECLARED_SELECTOR = YES;
				GCC_WARN_UNINITIALIZED_AUTOS = YES_AGGRESSIVE;
				GCC_WARN_UNUSED_FUNCTION = YES;
				GCC_WARN_UNUSED_VARIABLE = YES;
				IPHONEOS_DEPLOYMENT_TARGET = 11.2;
				MTL_ENABLE_DEBUG_INFO = YES;
				ONLY_ACTIVE_ARCH = YES;
				SDKROOT = iphoneos;
				SWIFT_ACTIVE_COMPILATION_CONDITIONS = DEBUG;
				SWIFT_OBJC_BRIDGING_HEADER = "${PROJECT_NAME}/ObjCBridge.h";
				SWIFT_OPTIMIZATION_LEVEL = "-Onone";
			};
			name = Debug;
		};
		91AD706E2014706F007392D4 /* Release */ = {
			isa = XCBuildConfiguration;
			buildSettings = {
				ALWAYS_SEARCH_USER_PATHS = NO;
				CLANG_ANALYZER_NONNULL = YES;
				CLANG_ANALYZER_NUMBER_OBJECT_CONVERSION = YES_AGGRESSIVE;
				CLANG_CXX_LANGUAGE_STANDARD = "gnu++14";
				CLANG_CXX_LIBRARY = "libc++";
				CLANG_ENABLE_MODULES = YES;
				CLANG_ENABLE_OBJC_ARC = YES;
				CLANG_WARN_BLOCK_CAPTURE_AUTORELEASING = YES;
				CLANG_WARN_BOOL_CONVERSION = YES;
				CLANG_WARN_COMMA = YES;
				CLANG_WARN_CONSTANT_CONVERSION = YES;
				CLANG_WARN_DIRECT_OBJC_ISA_USAGE = YES_ERROR;
				CLANG_WARN_DOCUMENTATION_COMMENTS = YES;
				CLANG_WARN_EMPTY_BODY = YES;
				CLANG_WARN_ENUM_CONVERSION = YES;
				CLANG_WARN_INFINITE_RECURSION = YES;
				CLANG_WARN_INT_CONVERSION = YES;
				CLANG_WARN_NON_LITERAL_NULL_CONVERSION = YES;
				CLANG_WARN_OBJC_LITERAL_CONVERSION = YES;
				CLANG_WARN_OBJC_ROOT_CLASS = YES_ERROR;
				CLANG_WARN_RANGE_LOOP_ANALYSIS = YES;
				CLANG_WARN_STRICT_PROTOTYPES = YES;
				CLANG_WARN_SUSPICIOUS_MOVE = YES;
				CLANG_WARN_UNGUARDED_AVAILABILITY = YES_AGGRESSIVE;
				CLANG_WARN_UNREACHABLE_CODE = YES;
				CLANG_WARN__DUPLICATE_METHOD_MATCH = YES;
				CODE_SIGN_IDENTITY = "iPhone Developer";
				COPY_PHASE_STRIP = NO;
				DEBUG_INFORMATION_FORMAT = "dwarf-with-dsym";
				ENABLE_NS_ASSERTIONS = NO;
				ENABLE_STRICT_OBJC_MSGSEND = YES;
				GCC_C_LANGUAGE_STANDARD = gnu11;
				GCC_NO_COMMON_BLOCKS = YES;
				GCC_WARN_64_TO_32_BIT_CONVERSION = YES;
				GCC_WARN_ABOUT_RETURN_TYPE = YES_ERROR;
				GCC_WARN_UNDECLARED_SELECTOR = YES;
				GCC_WARN_UNINITIALIZED_AUTOS = YES_AGGRESSIVE;
				GCC_WARN_UNUSED_FUNCTION = YES;
				GCC_WARN_UNUSED_VARIABLE = YES;
				IPHONEOS_DEPLOYMENT_TARGET = 11.2;
				MTL_ENABLE_DEBUG_INFO = NO;
				SDKROOT = iphoneos;
				SWIFT_OBJC_BRIDGING_HEADER = "${PROJECT_NAME}/ObjCBridge.h";
				SWIFT_OPTIMIZATION_LEVEL = "-Owholemodule";
				VALIDATE_PRODUCT = YES;
			};
			name = Release;
		};
		91AD70702014706F007392D4 /* Debug */ = {
			isa = XCBuildConfiguration;
			baseConfigurationReference = 5E49211DCB78FF25880B805B /* Pods-Bicla.debug.xcconfig */;
			buildSettings = {
				ASSETCATALOG_COMPILER_APPICON_NAME = AppIcon;
				CODE_SIGN_ENTITLEMENTS = Bicla/Bicla.entitlements;
				"CODE_SIGN_IDENTITY[sdk=iphoneos*]" = "iPhone Developer";
				CODE_SIGN_STYLE = Automatic;
				DEVELOPMENT_TEAM = YZ2299MVCW;
				FRAMEWORK_SEARCH_PATHS = (
					"$(inherited)",
					"$(PROJECT_DIR)/Bicla",
				);
				INFOPLIST_FILE = Bicla/Info.plist;
				IPHONEOS_DEPLOYMENT_TARGET = 10.0;
				LD_RUNPATH_SEARCH_PATHS = "$(inherited) @executable_path/Frameworks";
				PRODUCT_BUNDLE_IDENTIFIER = CraftCode.Bicla;
				PRODUCT_NAME = "$(TARGET_NAME)";
				PROVISIONING_PROFILE_SPECIFIER = "";
				SWIFT_OBJC_BRIDGING_HEADER = "${PROJECT_NAME}/ObjCBridge.h";
				SWIFT_VERSION = 4.0;
				TARGETED_DEVICE_FAMILY = 1;
			};
			name = Debug;
		};
		91AD70712014706F007392D4 /* Release */ = {
			isa = XCBuildConfiguration;
			baseConfigurationReference = 34B8AD0ACEBB0AE4EF324988 /* Pods-Bicla.release.xcconfig */;
			buildSettings = {
				ASSETCATALOG_COMPILER_APPICON_NAME = AppIcon;
				CODE_SIGN_ENTITLEMENTS = Bicla/Bicla.entitlements;
				"CODE_SIGN_IDENTITY[sdk=iphoneos*]" = "iPhone Developer";
				CODE_SIGN_STYLE = Automatic;
				DEVELOPMENT_TEAM = YZ2299MVCW;
				FRAMEWORK_SEARCH_PATHS = (
					"$(inherited)",
					"$(PROJECT_DIR)/Bicla",
				);
				INFOPLIST_FILE = Bicla/Info.plist;
				IPHONEOS_DEPLOYMENT_TARGET = 10.0;
				LD_RUNPATH_SEARCH_PATHS = "$(inherited) @executable_path/Frameworks";
				PRODUCT_BUNDLE_IDENTIFIER = CraftCode.Bicla;
				PRODUCT_NAME = "$(TARGET_NAME)";
				PROVISIONING_PROFILE_SPECIFIER = "";
				SWIFT_OBJC_BRIDGING_HEADER = "${PROJECT_NAME}/ObjCBridge.h";
				SWIFT_VERSION = 4.0;
				TARGETED_DEVICE_FAMILY = 1;
			};
			name = Release;
		};
/* End XCBuildConfiguration section */

/* Begin XCConfigurationList section */
		91AD70582014706F007392D4 /* Build configuration list for PBXProject "Bicla" */ = {
			isa = XCConfigurationList;
			buildConfigurations = (
				91AD706D2014706F007392D4 /* Debug */,
				91AD706E2014706F007392D4 /* Release */,
			);
			defaultConfigurationIsVisible = 0;
			defaultConfigurationName = Release;
		};
		91AD706F2014706F007392D4 /* Build configuration list for PBXNativeTarget "Bicla" */ = {
			isa = XCConfigurationList;
			buildConfigurations = (
				91AD70702014706F007392D4 /* Debug */,
				91AD70712014706F007392D4 /* Release */,
			);
			defaultConfigurationIsVisible = 0;
			defaultConfigurationName = Release;
		};
/* End XCConfigurationList section */
	};
	rootObject = 91AD70552014706F007392D4 /* Project object */;
}
