PODS:
  - Alamofire (4.6.0)
  - Bolts (1.8.4):
    - Bolts/AppLinks (= 1.8.4)
    - Bolts/Tasks (= 1.8.4)
  - Bolts/AppLinks (1.8.4):
    - Bolts/Tasks
  - Bolts/Tasks (1.8.4)
  - EstimoteBluetoothScanning (0.2.0)
  - EstimoteProximitySDK (0.11.3):
    - EstimoteBluetoothScanning (~> 0.2.0)
  - EstimoteSDK (4.27.0)
  - FBSDKCoreKit (4.29.0):
    - Bolts (~> 1.7)
  - FBSDKLoginKit (4.29.0):
    - FBSDKCoreKit
  - Kingfisher (4.6.4)
  - SlideMenuControllerSwift (4.0.0)
  - XLActionController (4.0.1):
    - XLActionController/Core (= 4.0.1)
  - XLActionController/Core (4.0.1)
  - XLActionController/Twitter (4.0.1):
    - XLActionController/Core

DEPENDENCIES:
  - Alamofire (~> 4.6)
  - EstimoteProximitySDK
  - EstimoteSDK
  - FBSDKLoginKit
  - Kingfisher (~> 4.0)
  - SlideMenuControllerSwift
  - XLActionController
  - XLActionController/Twitter

SPEC CHECKSUMS:
  Alamofire: f41a599bd63041760b26d393ec1069d9d7b917f4
  Bolts: 8a7995239dbe724f9cba2248b766d48b7ebdd322
  EstimoteBluetoothScanning: d44e46ebebe4e0e2696c4577168cb8660b5d4ee9
  EstimoteProximitySDK: a494cb2f73f62e409662feb21686969081816bf8
  EstimoteSDK: 61935c7fbcb9fe93b97b0360351aef66fb1c338d
  FBSDKCoreKit: 6f139173dc63a1deaff4430a55f2fe5bb222d2af
  FBSDKLoginKit: 56a057ca6822535ea0faa25f57a7c41edb697fd4
  Kingfisher: 68498a706e46c2a050b0c9572f100e5db407f6e0
  SlideMenuControllerSwift: 021d6318201c53d4d4d3710517d43d6c556c7dd0
  XLActionController: 007868251c0eed70d649d06c1625259b73b3a600

PODFILE CHECKSUM: 086c6cb82f570402b5b60dbc1962a8d6c72a3cdd

COCOAPODS: 1.3.1
